
Microsoft Visual Studio Solution File, Format Version 12.00
# Visual Studio 15
VisualStudioVersion = 15.0.28010.2036
MinimumVisualStudioVersion = 10.0.40219.1
Project("{FAE04EC0-301F-11D3-BF4B-00C04F79EFBC}") = "CopaFilmesAPI", "CopaFilmesAPI\CopaFilmesAPI.csproj", "{BBB9AC8F-DAE9-42A8-9469-E7CD0A188614}"
EndProject
Project("{FAE04EC0-301F-11D3-BF4B-00C04F79EFBC}") = "CopaFilmesAPI.Tests", "CopaFilmesAPI.Tests\CopaFilmesAPI.Tests.csproj", "{09FBEAD1-10FD-4F75-A381-0A1770EF3DF8}"
EndProject
Project("{FAE04EC0-301F-11D3-BF4B-00C04F79EFBC}") = "CopaFilmesAPI.Model", "CopaFilmesAPI.Model\CopaFilmesAPI.Model.csproj", "{4AA34661-8604-4182-B22A-CC8F581AF003}"
EndProject
Global
	GlobalSection(SolutionConfigurationPlatforms) = preSolution
		Debug|Any CPU = Debug|Any CPU
		Release|Any CPU = Release|Any CPU
	EndGlobalSection
	GlobalSection(ProjectConfigurationPlatforms) = postSolution
		{BBB9AC8F-DAE9-42A8-9469-E7CD0A188614}.Debug|Any CPU.ActiveCfg = Debug|Any CPU
		{BBB9AC8F-DAE9-42A8-9469-E7CD0A188614}.Debug|Any CPU.Build.0 = Debug|Any CPU
		{BBB9AC8F-DAE9-42A8-9469-E7CD0A188614}.Release|Any CPU.ActiveCfg = Release|Any CPU
		{BBB9AC8F-DAE9-42A8-9469-E7CD0A188614}.Release|Any CPU.Build.0 = Release|Any CPU
		{09FBEAD1-10FD-4F75-A381-0A1770EF3DF8}.Debug|Any CPU.ActiveCfg = Debug|Any CPU
		{09FBEAD1-10FD-4F75-A381-0A1770EF3DF8}.Debug|Any CPU.Build.0 = Debug|Any CPU
		{09FBEAD1-10FD-4F75-A381-0A1770EF3DF8}.Release|Any CPU.ActiveCfg = Release|Any CPU
		{09FBEAD1-10FD-4F75-A381-0A1770EF3DF8}.Release|Any CPU.Build.0 = Release|Any CPU
		{4AA34661-8604-4182-B22A-CC8F581AF003}.Debug|Any CPU.ActiveCfg = Debug|Any CPU
		{4AA34661-8604-4182-B22A-CC8F581AF003}.Debug|Any CPU.Build.0 = Debug|Any CPU
		{4AA34661-8604-4182-B22A-CC8F581AF003}.Release|Any CPU.ActiveCfg = Release|Any CPU
		{4AA34661-8604-4182-B22A-CC8F581AF003}.Release|Any CPU.Build.0 = Release|Any CPU
	EndGlobalSection
	GlobalSection(SolutionProperties) = preSolution
		HideSolutionNode = FALSE
	EndGlobalSection
	GlobalSection(ExtensibilityGlobals) = postSolution
		SolutionGuid = {102B3A7F-A39B-4507-852F-1DB48BD87E97}
	EndGlobalSection
EndGlobal
